# This file was autogenerated by Stack.
# You should not edit this file by hand.
# For more information, please see the documentation at:
#   https://docs.haskellstack.org/en/stable/lock_files

packages:
- completed:
    hackage: arithmoi-0.7.0.0@sha256:6bd71fb9a6c2f46e904356371e58d927a0d304b28fef37a4f2c0e96cc0b34351,9669
    pantry-tree:
      size: 8335
      sha256: 315f850289a11fcaff493858e39a79f7dcc00535dc30782d23270a1422cb02a8
  original:
    hackage: arithmoi-0.7.0.0
snapshots:
- completed:
    size: 533252
    url: https://raw.githubusercontent.com/commercialhaskell/stackage-snapshots/master/lts/16/26.yaml
    sha256: cdbc5db9c1afe80a5998247939027a0c7db92fa0f20b5cd01596ec3da628b622
  original:
    url: https://raw.githubusercontent.com/commercialhaskell/stackage-snapshots/master/lts/16/26.yaml
