# This file was autogenerated by Stack.
# You should not edit this file by hand.
# For more information, please see the documentation at:
#   https://docs.haskellstack.org/en/stable/lock_files

packages:
- completed:
    hackage: attoparsec-0.13.2.4@sha256:5941a05141a61239e8d6c4f2c9876bec3765d786766721b8474b8625febf914a,5796
    pantry-tree:
      size: 5231
      sha256: 623047a3f229b2cd082928f7d78c5cac15558504949e5999fad734eff820fa30
  original:
    hackage: attoparsec-0.13.2.4
snapshots:
- completed:
    size: 532835
    url: https://raw.githubusercontent.com/commercialhaskell/stackage-snapshots/master/lts/16/24.yaml
    sha256: cf2b52420b2262fe9cf0f6744929120131abd6675b1c3fb2d8b155a47f80d103
  original:
    url: https://raw.githubusercontent.com/commercialhaskell/stackage-snapshots/master/lts/16/24.yaml
