# This file was autogenerated by Stack.
# You should not edit this file by hand.
# For more information, please see the documentation at:
#   https://docs.haskellstack.org/en/stable/lock_files

packages:
- completed:
    hackage: PSQueue-1.2.0@sha256:460457e5591ad4ec9d3332bb03798765fd1b79d4f6bcc3e9a71969cf7349d79e,1517
    pantry-tree:
      sha256: a8f3e437c0cc76b74a788228ee4a8157783379ab50a145d69d7c3aca4bd14861
      size: 340
  original:
    hackage: PSQueue-1.2.0
snapshots:
- completed:
    sha256: 3770dfd79f5aed67acdcc65c4e7730adddffe6dba79ea723cfb0918356fc0f94
    size: 648660
    url: https://raw.githubusercontent.com/commercialhaskell/stackage-snapshots/master/lts/20/4.yaml
  original: lts-20.4
